
Microsoft Visual Studio Solution File, Format Version 12.00
# Visual Studio 15
VisualStudioVersion = 15.0.28307.645
MinimumVisualStudioVersion = 10.0.40219.1
Project("{FAE04EC0-301F-11D3-BF4B-00C04F79EFBC}") = "PCB_BOM_parser", "PCB_BOM_parser.csproj", "{EEF23335-3D5F-45DA-9197-5C3F99F5E568}"
EndProject
Global
	GlobalSection(SolutionConfigurationPlatforms) = preSolution
		Debug|Any CPU = Debug|Any CPU
		Release|Any CPU = Release|Any CPU
	EndGlobalSection
	GlobalSection(ProjectConfigurationPlatforms) = postSolution
		{EEF23335-3D5F-45DA-9197-5C3F99F5E568}.Debug|Any CPU.ActiveCfg = Debug|Any CPU
		{EEF23335-3D5F-45DA-9197-5C3F99F5E568}.Debug|Any CPU.Build.0 = Debug|Any CPU
		{EEF23335-3D5F-45DA-9197-5C3F99F5E568}.Release|Any CPU.ActiveCfg = Release|Any CPU
		{EEF23335-3D5F-45DA-9197-5C3F99F5E568}.Release|Any CPU.Build.0 = Release|Any CPU
	EndGlobalSection
	GlobalSection(SolutionProperties) = preSolution
		HideSolutionNode = FALSE
	EndGlobalSection
	GlobalSection(ExtensibilityGlobals) = postSolution
		SolutionGuid = {BB7A5842-B54A-4605-A2A3-AFA08CF21A7E}
	EndGlobalSection
EndGlobal
